
Microsoft Visual Studio Solution File, Format Version 12.00
# Visual Studio Version 17
VisualStudioVersion = 17.5.33502.453
MinimumVisualStudioVersion = 10.0.40219.1
Project("{FAE04EC0-301F-11D3-BF4B-00C04F79EFBC}") = "Practica4.EF.UI", "Practica4.EF.UI\Practica4.EF.UI.csproj", "{63E24E4C-237B-4504-BC74-52C47C9360C6}"
EndProject
Project("{FAE04EC0-301F-11D3-BF4B-00C04F79EFBC}") = "Practica4.EF.Data", "Practica4.EF.Data\Practica4.EF.Data.csproj", "{C7D0A6B1-1C3E-4F10-86B2-BA1951592428}"
EndProject
Project("{FAE04EC0-301F-11D3-BF4B-00C04F79EFBC}") = "Practica4.EF.Entities", "Practica4.EF.Entities\Practica4.EF.Entities.csproj", "{05DA40D5-7EFF-4641-88D1-C7BAD2CEC4CC}"
EndProject
Project("{FAE04EC0-301F-11D3-BF4B-00C04F79EFBC}") = "Practica4.EF.Services", "Practica4.EF.Services\Practica4.EF.Services.csproj", "{82B6A7C1-8A60-4091-834D-A8B7BA9B4A48}"
EndProject
Project("{FAE04EC0-301F-11D3-BF4B-00C04F79EFBC}") = "Practica4.EF.Tests", "Practica4.EF.Tests\Practica4.EF.Tests.csproj", "{4A6F9EBB-29E7-4F2F-A7FD-7791F1526099}"
EndProject
Project("{FAE04EC0-301F-11D3-BF4B-00C04F79EFBC}") = "Practica4.EF.Logic", "Practica4.EF.Logic\Practica4.EF.Logic.csproj", "{9F06F898-4464-4265-9768-C41C9895EDEB}"
EndProject
Global
	GlobalSection(SolutionConfigurationPlatforms) = preSolution
		Debug|Any CPU = Debug|Any CPU
		Release|Any CPU = Release|Any CPU
	EndGlobalSection
	GlobalSection(ProjectConfigurationPlatforms) = postSolution
		{63E24E4C-237B-4504-BC74-52C47C9360C6}.Debug|Any CPU.ActiveCfg = Debug|Any CPU
		{63E24E4C-237B-4504-BC74-52C47C9360C6}.Debug|Any CPU.Build.0 = Debug|Any CPU
		{63E24E4C-237B-4504-BC74-52C47C9360C6}.Release|Any CPU.ActiveCfg = Release|Any CPU
		{63E24E4C-237B-4504-BC74-52C47C9360C6}.Release|Any CPU.Build.0 = Release|Any CPU
		{C7D0A6B1-1C3E-4F10-86B2-BA1951592428}.Debug|Any CPU.ActiveCfg = Debug|Any CPU
		{C7D0A6B1-1C3E-4F10-86B2-BA1951592428}.Debug|Any CPU.Build.0 = Debug|Any CPU
		{C7D0A6B1-1C3E-4F10-86B2-BA1951592428}.Release|Any CPU.ActiveCfg = Release|Any CPU
		{C7D0A6B1-1C3E-4F10-86B2-BA1951592428}.Release|Any CPU.Build.0 = Release|Any CPU
		{05DA40D5-7EFF-4641-88D1-C7BAD2CEC4CC}.Debug|Any CPU.ActiveCfg = Debug|Any CPU
		{05DA40D5-7EFF-4641-88D1-C7BAD2CEC4CC}.Debug|Any CPU.Build.0 = Debug|Any CPU
		{05DA40D5-7EFF-4641-88D1-C7BAD2CEC4CC}.Release|Any CPU.ActiveCfg = Release|Any CPU
		{05DA40D5-7EFF-4641-88D1-C7BAD2CEC4CC}.Release|Any CPU.Build.0 = Release|Any CPU
		{82B6A7C1-8A60-4091-834D-A8B7BA9B4A48}.Debug|Any CPU.ActiveCfg = Debug|Any CPU
		{82B6A7C1-8A60-4091-834D-A8B7BA9B4A48}.Debug|Any CPU.Build.0 = Debug|Any CPU
		{82B6A7C1-8A60-4091-834D-A8B7BA9B4A48}.Release|Any CPU.ActiveCfg = Release|Any CPU
		{82B6A7C1-8A60-4091-834D-A8B7BA9B4A48}.Release|Any CPU.Build.0 = Release|Any CPU
		{4A6F9EBB-29E7-4F2F-A7FD-7791F1526099}.Debug|Any CPU.ActiveCfg = Debug|Any CPU
		{4A6F9EBB-29E7-4F2F-A7FD-7791F1526099}.Debug|Any CPU.Build.0 = Debug|Any CPU
		{4A6F9EBB-29E7-4F2F-A7FD-7791F1526099}.Release|Any CPU.ActiveCfg = Release|Any CPU
		{4A6F9EBB-29E7-4F2F-A7FD-7791F1526099}.Release|Any CPU.Build.0 = Release|Any CPU
		{9F06F898-4464-4265-9768-C41C9895EDEB}.Debug|Any CPU.ActiveCfg = Debug|Any CPU
		{9F06F898-4464-4265-9768-C41C9895EDEB}.Debug|Any CPU.Build.0 = Debug|Any CPU
		{9F06F898-4464-4265-9768-C41C9895EDEB}.Release|Any CPU.ActiveCfg = Release|Any CPU
		{9F06F898-4464-4265-9768-C41C9895EDEB}.Release|Any CPU.Build.0 = Release|Any CPU
	EndGlobalSection
	GlobalSection(SolutionProperties) = preSolution
		HideSolutionNode = FALSE
	EndGlobalSection
	GlobalSection(ExtensibilityGlobals) = postSolution
		SolutionGuid = {FA107994-FFD6-4D94-9BC5-9CD64BF03A65}
	EndGlobalSection
EndGlobal
