
Microsoft Visual Studio Solution File, Format Version 12.00
# Visual Studio Version 16
VisualStudioVersion = 16.0.33027.164
MinimumVisualStudioVersion = 10.0.40219.1
Project("{FAE04EC0-301F-11D3-BF4B-00C04F79EFBC}") = "LabNet2023 - Hello world", "LabNet2023 - Hello world\LabNet2023 - Hello world.csproj", "{E828ADB9-D0EA-4500-9AC9-C85CAE97527C}"
EndProject
Global
	GlobalSection(SolutionConfigurationPlatforms) = preSolution
		Debug|Any CPU = Debug|Any CPU
		Release|Any CPU = Release|Any CPU
	EndGlobalSection
	GlobalSection(ProjectConfigurationPlatforms) = postSolution
		{E828ADB9-D0EA-4500-9AC9-C85CAE97527C}.Debug|Any CPU.ActiveCfg = Debug|Any CPU
		{E828ADB9-D0EA-4500-9AC9-C85CAE97527C}.Debug|Any CPU.Build.0 = Debug|Any CPU
		{E828ADB9-D0EA-4500-9AC9-C85CAE97527C}.Release|Any CPU.ActiveCfg = Release|Any CPU
		{E828ADB9-D0EA-4500-9AC9-C85CAE97527C}.Release|Any CPU.Build.0 = Release|Any CPU
	EndGlobalSection
	GlobalSection(SolutionProperties) = preSolution
		HideSolutionNode = FALSE
	EndGlobalSection
	GlobalSection(ExtensibilityGlobals) = postSolution
		SolutionGuid = {FD8F7A2E-C335-4D37-8E0A-071975732668}
	EndGlobalSection
EndGlobal
